
Microsoft Visual Studio Solution File, Format Version 12.00
# Visual Studio 15
VisualStudioVersion = 15.0.28307.271
MinimumVisualStudioVersion = 10.0.40219.1
Project("{FAE04EC0-301F-11D3-BF4B-00C04F79EFBC}") = "memorizacion", "memorizacion\memorizacion.csproj", "{FAAE1D22-7198-4D7A-9D77-48D2CA352FB8}"
EndProject
Global
	GlobalSection(SolutionConfigurationPlatforms) = preSolution
		Debug|Any CPU = Debug|Any CPU
		Debug|x86 = Debug|x86
		Release|Any CPU = Release|Any CPU
		Release|x86 = Release|x86
	EndGlobalSection
	GlobalSection(ProjectConfigurationPlatforms) = postSolution
		{FAAE1D22-7198-4D7A-9D77-48D2CA352FB8}.Debug|Any CPU.ActiveCfg = Debug|x86
		{FAAE1D22-7198-4D7A-9D77-48D2CA352FB8}.Debug|x86.ActiveCfg = Debug|x86
		{FAAE1D22-7198-4D7A-9D77-48D2CA352FB8}.Debug|x86.Build.0 = Debug|x86
		{FAAE1D22-7198-4D7A-9D77-48D2CA352FB8}.Release|Any CPU.ActiveCfg = Release|x86
		{FAAE1D22-7198-4D7A-9D77-48D2CA352FB8}.Release|x86.ActiveCfg = Release|x86
		{FAAE1D22-7198-4D7A-9D77-48D2CA352FB8}.Release|x86.Build.0 = Release|x86
	EndGlobalSection
	GlobalSection(SolutionProperties) = preSolution
		HideSolutionNode = FALSE
	EndGlobalSection
	GlobalSection(ExtensibilityGlobals) = postSolution
		SolutionGuid = {8B61892B-DFA8-43F9-ADF5-2B7DB797D145}
	EndGlobalSection
EndGlobal
